// !$*UTF8*$!
{
	archiveVersion = 1;
	classes = {
	};
	objectVersion = 77;
	objects = {

/* Begin PBXBuildFile section */
		2365044C3016658C00B33DEE /* ProximaKit in Frameworks */ = {isa = PBXBuildFile; productRef = 231256F12FE983AE0065B780 /* ProximaKit */; };
		2365044D3016658C00B33DEE /* ProximaKit in Frameworks */ = {isa = PBXBuildFile; productRef = 231256F22FE983AE0065B780 /* ProximaKit */; };
		A15D637813B928F69A31298A /* PhotosUI.framework in Frameworks */ = {isa = PBXBuildFile; fileRef = F1E12386D4393BEE278F45E8 /* PhotosUI.framework */; };

		2A3F0200000000000000C1A1 /* SharedImportEnvelope.swift in Sources */ = {isa = PBXBuildFile; fileRef = 2A3F0200000000000000A6A1 /* SharedImportEnvelope.swift */; };
		2A3F0200000000000000C2A1 /* SharedImportQueueActor.swift in Sources */ = {isa = PBXBuildFile; fileRef = 2A3F0200000000000000A7A1 /* SharedImportQueueActor.swift */; };
/* End PBXBuildFile section */

/* Begin PBXContainerItemProxy section */
		231256CD2FE983AF0065B780 /* PBXContainerItemProxy */ = {
			isa = PBXContainerItemProxy;
			containerPortal = 231256B72FE983AE0065B780 /* Project object */;
			proxyType = 1;
			remoteGlobalIDString = 231256BE2FE983AE0065B780;
			remoteInfo = Echo;
		};
		231256D72FE983AF0065B780 /* PBXContainerItemProxy */ = {
			isa = PBXContainerItemProxy;
			containerPortal = 231256B72FE983AE0065B780 /* Project object */;
			proxyType = 1;
			remoteGlobalIDString = 231256BE2FE983AE0065B780;
			remoteInfo = Echo;
		};
		2A3F0200000000000000F1A1 /* PBXContainerItemProxy */ = {
			isa = PBXContainerItemProxy;
			containerPortal = 231256B72FE983AE0065B780 /* Project object */;
			proxyType = 1;
			remoteGlobalIDString = 2A3F0200000000000000E1A1;
			remoteInfo = EchoShareExtension;
		};
/* End PBXContainerItemProxy section */

/* Begin PBXFileReference section */
		231256BF2FE983AE0065B780 /* Echo.app */ = {isa = PBXFileReference; explicitFileType = wrapper.application; includeInIndex = 0; path = Echo.app; sourceTree = BUILT_PRODUCTS_DIR; };
		231256CC2FE983AF0065B780 /* EchoTests.xctest */ = {isa = PBXFileReference; explicitFileType = wrapper.cfbundle; includeInIndex = 0; path = EchoTests.xctest; sourceTree = BUILT_PRODUCTS_DIR; };
		231256D62FE983AF0065B780 /* EchoUITests.xctest */ = {isa = PBXFileReference; explicitFileType = wrapper.cfbundle; includeInIndex = 0; path = EchoUITests.xctest; sourceTree = BUILT_PRODUCTS_DIR; };
		2A3F0200000000000000A1A1 /* EchoShareExtension.appex */ = {isa = PBXFileReference; explicitFileType = "wrapper.app-extension"; includeInIndex = 0; path = EchoShareExtension.appex; sourceTree = BUILT_PRODUCTS_DIR; };
		2A3F0200000000000000A2A1 /* Info.plist */ = {isa = PBXFileReference; lastKnownFileType = text.plist.xml; path = "EchoShareExtension/Info.plist"; sourceTree = "<group>"; };
		F1E12386D4393BEE278F45E8 /* PhotosUI.framework */ = {isa = PBXFileReference; lastKnownFileType = wrapper.framework; name = PhotosUI.framework; path = System/Library/Frameworks/PhotosUI.framework; sourceTree = SDKROOT; };
		2A3F0200000000000000A3A1 /* EchoShareExtension.entitlements */ = {isa = PBXFileReference; lastKnownFileType = text.plist.entitlements; path = "EchoShareExtension/EchoShareExtension.entitlements"; sourceTree = "<group>"; };
		2A3F0200000000000000A4A1 /* Echo-Info.plist */ = {isa = PBXFileReference; lastKnownFileType = text.plist.xml; path = "Echo/Config/Echo-Info.plist"; sourceTree = "<group>"; };
		2A3F0200000000000000A5A1 /* Echo.entitlements */ = {isa = PBXFileReference; lastKnownFileType = text.plist.entitlements; path = "Echo/Config/Echo.entitlements"; sourceTree = "<group>"; };
		2A3F0200000000000000A6A1 /* SharedImportEnvelope.swift */ = {isa = PBXFileReference; lastKnownFileType = sourcecode.swift; path = "Echo/Core/Models/SharedImportEnvelope.swift"; sourceTree = "<group>"; };
		2A3F0200000000000000A7A1 /* SharedImportQueueActor.swift */ = {isa = PBXFileReference; lastKnownFileType = sourcecode.swift; path = "Echo/Core/Actors/SharedImportQueueActor.swift"; sourceTree = "<group>"; };
/* End PBXFileReference section */

/* Begin PBXFileSystemSynchronizedRootGroup section */
		231256C12FE983AE0065B780 /* Echo */ = {
			isa = PBXFileSystemSynchronizedRootGroup;
			exceptions = (
				2A3F0200000000000000B3A1 /* PBXFileSystemSynchronizedBuildFileExceptionSet */,
			);
			path = Echo;
			sourceTree = "<group>";
		};
		231256CF2FE983AF0065B780 /* EchoTests */ = {
			isa = PBXFileSystemSynchronizedRootGroup;
			path = EchoTests;
			sourceTree = "<group>";
		};
		231256D92FE983AF0065B780 /* EchoUITests */ = {
			isa = PBXFileSystemSynchronizedRootGroup;
			path = EchoUITests;
			sourceTree = "<group>";
		};
		2A3F0200000000000000B1A1 /* EchoShareExtension */ = {
			isa = PBXFileSystemSynchronizedRootGroup;
			exceptions = (
				2A3F0200000000000000B2A1 /* PBXFileSystemSynchronizedBuildFileExceptionSet */,
			);
			path = EchoShareExtension;
			sourceTree = "<group>";
		};
/* End PBXFileSystemSynchronizedRootGroup section */

/* Begin PBXFileSystemSynchronizedBuildFileExceptionSet section */
		2A3F0200000000000000B2A1 /* PBXFileSystemSynchronizedBuildFileExceptionSet */ = {
			isa = PBXFileSystemSynchronizedBuildFileExceptionSet;
			membershipExceptions = (
				Info.plist,
				EchoShareExtension.entitlements,
			);
			target = 2A3F0200000000000000E1A1 /* EchoShareExtension */;
		};
		2A3F0200000000000000B3A1 /* PBXFileSystemSynchronizedBuildFileExceptionSet */ = {
			isa = PBXFileSystemSynchronizedBuildFileExceptionSet;
			membershipExceptions = (
				"Config/Echo-Info.plist",
				"Config/Echo.entitlements",
			);
			target = 231256BE2FE983AE0065B780 /* Echo */;
		};
/* End PBXFileSystemSynchronizedBuildFileExceptionSet section */

/* Begin PBXCopyFilesBuildPhase section */
		2A3F0200000000000000F3A1 /* Embed App Extensions */ = {
			isa = PBXCopyFilesBuildPhase;
			buildActionMask = 2147483647;
			dstPath = "";
			dstSubfolderSpec = 13;
			files = (
				2A3F0200000000000000F4A1 /* EchoShareExtension.appex in Embed App Extensions */,
			);
			name = "Embed App Extensions";
			runOnlyForDeploymentPostprocessing = 0;
		};
/* End PBXCopyFilesBuildPhase section */

/* Begin PBXBuildFile section for embed */
		2A3F0200000000000000F4A1 /* EchoShareExtension.appex in Embed App Extensions */ = {isa = PBXBuildFile; fileRef = 2A3F0200000000000000A1A1 /* EchoShareExtension.appex */; settings = {ATTRIBUTES = (RemoveHeadersOnCopy, ); }; };
/* End PBXBuildFile section for embed */

/* Begin PBXFrameworksBuildPhase section */
		231256BC2FE983AE0065B780 /* Frameworks */ = {
			isa = PBXFrameworksBuildPhase;
			buildActionMask = 2147483647;
			files = (
				2365044C3016658C00B33DEE /* ProximaKit in Frameworks */,
				A15D637813B928F69A31298A /* PhotosUI.framework in Frameworks */,
			);
			runOnlyForDeploymentPostprocessing = 0;
		};
		231256C92FE983AF0065B780 /* Frameworks */ = {
			isa = PBXFrameworksBuildPhase;
			buildActionMask = 2147483647;
			files = (
				2365044D3016658C00B33DEE /* ProximaKit in Frameworks */,
			);
			runOnlyForDeploymentPostprocessing = 0;
		};
		231256D32FE983AF0065B780 /* Frameworks */ = {
			isa = PBXFrameworksBuildPhase;
			buildActionMask = 2147483647;
			files = (
			);
			runOnlyForDeploymentPostprocessing = 0;
		};
		2A3F0200000000000000D1A1 /* Frameworks */ = {
			isa = PBXFrameworksBuildPhase;
			buildActionMask = 2147483647;
			files = (
			);
			runOnlyForDeploymentPostprocessing = 0;
		};
/* End PBXFrameworksBuildPhase section */

/* Begin PBXGroup section */
		231256B62FE983AE0065B780 = {
			isa = PBXGroup;
			children = (
				231256C12FE983AE0065B780 /* Echo */,
				2A3F0200000000000000A6A1 /* SharedImportEnvelope.swift */,
				2A3F0200000000000000A7A1 /* SharedImportQueueActor.swift */,
				2A3F0200000000000000A4A1 /* Echo-Info.plist */,
				2A3F0200000000000000A5A1 /* Echo.entitlements */,
				2A3F0200000000000000B1A1 /* EchoShareExtension */,
				231256CF2FE983AF0065B780 /* EchoTests */,
				231256D92FE983AF0065B780 /* EchoUITests */,
				231256C02FE983AE0065B780 /* Products */,
			);
			sourceTree = "<group>";
		};
		231256C02FE983AE0065B780 /* Products */ = {
			isa = PBXGroup;
			children = (
				231256BF2FE983AE0065B780 /* Echo.app */,
				231256CC2FE983AF0065B780 /* EchoTests.xctest */,
				231256D62FE983AF0065B780 /* EchoUITests.xctest */,
				2A3F0200000000000000A1A1 /* EchoShareExtension.appex */,
			);
			name = Products;
			sourceTree = "<group>";
		};
/* End PBXGroup section */

/* Begin PBXNativeTarget section */
		231256BE2FE983AE0065B780 /* Echo */ = {
			isa = PBXNativeTarget;
			buildConfigurationList = 231256E02FE983AF0065B780 /* Build configuration list for PBXNativeTarget "Echo" */;
			buildPhases = (
				231256BB2FE983AE0065B780 /* Sources */,
				231256BC2FE983AE0065B780 /* Frameworks */,
				231256BD2FE983AE0065B780 /* Resources */,
				2A3F0200000000000000F3A1 /* Embed App Extensions */,
			);
			buildRules = (
			);
			dependencies = (
				2A3F0200000000000000F2A1 /* PBXTargetDependency */,
			);
			fileSystemSynchronizedGroups = (
				231256C12FE983AE0065B780 /* Echo */,
			);
			name = Echo;
			packageProductDependencies = (
				231256F12FE983AE0065B780 /* ProximaKit */,
				3C96DDA462B5392A8E492917 /* whisper */,
			);
			productName = Echo;
			productReference = 231256BF2FE983AE0065B780 /* Echo.app */;
			productType = "com.apple.product-type.application";
		};
		231256CB2FE983AF0065B780 /* EchoTests */ = {
			isa = PBXNativeTarget;
			buildConfigurationList = 231256E32FE983AF0065B780 /* Build configuration list for PBXNativeTarget "EchoTests" */;
			buildPhases = (
				231256C82FE983AF0065B780 /* Sources */,
				231256C92FE983AF0065B780 /* Frameworks */,
				231256CA2FE983AF0065B780 /* Resources */,
			);
			buildRules = (
			);
			dependencies = (
				231256CE2FE983AF0065B780 /* PBXTargetDependency */,
			);
			fileSystemSynchronizedGroups = (
				231256CF2FE983AF0065B780 /* EchoTests */,
			);
			name = EchoTests;
			packageProductDependencies = (
				231256F22FE983AE0065B780 /* ProximaKit */,
				BAB871F997C017847C9A5E02 /* whisper */,
			);
			productName = EchoTests;
			productReference = 231256CC2FE983AF0065B780 /* EchoTests.xctest */;
			productType = "com.apple.product-type.bundle.unit-test";
		};
		231256D52FE983AF0065B780 /* EchoUITests */ = {
			isa = PBXNativeTarget;
			buildConfigurationList = 231256E62FE983AF0065B780 /* Build configuration list for PBXNativeTarget "EchoUITests" */;
			buildPhases = (
				231256D22FE983AF0065B780 /* Sources */,
				231256D32FE983AF0065B780 /* Frameworks */,
				231256D42FE983AF0065B780 /* Resources */,
			);
			buildRules = (
			);
			dependencies = (
				231256D82FE983AF0065B780 /* PBXTargetDependency */,
			);
			fileSystemSynchronizedGroups = (
				231256D92FE983AF0065B780 /* EchoUITests */,
			);
			name = EchoUITests;
			packageProductDependencies = (
			);
			productName = EchoUITests;
			productReference = 231256D62FE983AF0065B780 /* EchoUITests.xctest */;
			productType = "com.apple.product-type.bundle.ui-testing";
		};
		2A3F0200000000000000E1A1 /* EchoShareExtension */ = {
			isa = PBXNativeTarget;
			buildConfigurationList = 2A3F0200000000000000E4A1 /* Build configuration list for PBXNativeTarget "EchoShareExtension" */;
			buildPhases = (
				2A3F0200000000000000D3A1 /* Sources */,
				2A3F0200000000000000D1A1 /* Frameworks */,
				2A3F0200000000000000D2A1 /* Resources */,
			);
			buildRules = (
			);
			dependencies = (
			);
			fileSystemSynchronizedGroups = (
				2A3F0200000000000000B1A1 /* EchoShareExtension */,
			);
			name = EchoShareExtension;
			packageProductDependencies = (
			);
			productName = EchoShareExtension;
			productReference = 2A3F0200000000000000A1A1 /* EchoShareExtension.appex */;
			productType = "com.apple.product-type.app-extension";
		};
/* End PBXNativeTarget section */

/* Begin PBXProject section */
		231256B72FE983AE0065B780 /* Project object */ = {
			isa = PBXProject;
			attributes = {
				BuildIndependentTargetsInParallel = 1;
				LastSwiftUpdateCheck = 2650;
				LastUpgradeCheck = 2650;
				TargetAttributes = {
					231256BE2FE983AE0065B780 = {
						CreatedOnToolsVersion = 26.5;
					};
					231256CB2FE983AF0065B780 = {
						CreatedOnToolsVersion = 26.5;
						TestTargetID = 231256BE2FE983AE0065B780;
					};
					231256D52FE983AF0065B780 = {
						CreatedOnToolsVersion = 26.5;
						TestTargetID = 231256BE2FE983AE0065B780;
					};
					2A3F0200000000000000E1A1 = {
						CreatedOnToolsVersion = 26.5;
					};
				};
			};
			buildConfigurationList = 231256BA2FE983AE0065B780 /* Build configuration list for PBXProject "Echo" */;
			developmentRegion = en;
			hasScannedForEncodings = 0;
			knownRegions = (
				en,
				Base,
			);
			mainGroup = 231256B62FE983AE0065B780;
			minimizedProjectReferenceProxies = 1;
			packageReferences = (
				231256F02FE983AE0065B780 /* XCRemoteSwiftPackageReference "ProximaKit" */,
				B56E5A6C80EB2363A1B0BADE /* XCLocalSwiftPackageReference "whisper-cpp" */,
			);
			preferredProjectObjectVersion = 77;
			productRefGroup = 231256C02FE983AE0065B780 /* Products */;
			projectDirPath = "";
			projectRoot = "";
			targets = (
				231256BE2FE983AE0065B780 /* Echo */,
				231256CB2FE983AF0065B780 /* EchoTests */,
				231256D52FE983AF0065B780 /* EchoUITests */,
				2A3F0200000000000000E1A1 /* EchoShareExtension */,
			);
		};
/* End PBXProject section */

/* Begin PBXResourcesBuildPhase section */
		231256BD2FE983AE0065B780 /* Resources */ = {
			isa = PBXResourcesBuildPhase;
			buildActionMask = 2147483647;
			files = (
			);
			runOnlyForDeploymentPostprocessing = 0;
		};
		231256CA2FE983AF0065B780 /* Resources */ = {
			isa = PBXResourcesBuildPhase;
			buildActionMask = 2147483647;
			files = (
			);
			runOnlyForDeploymentPostprocessing = 0;
		};
		231256D42FE983AF0065B780 /* Resources */ = {
			isa = PBXResourcesBuildPhase;
			buildActionMask = 2147483647;
			files = (
			);
			runOnlyForDeploymentPostprocessing = 0;
		};
		2A3F0200000000000000D2A1 /* Resources */ = {
			isa = PBXResourcesBuildPhase;
			buildActionMask = 2147483647;
			files = (
			);
			runOnlyForDeploymentPostprocessing = 0;
		};
/* End PBXResourcesBuildPhase section */

/* Begin PBXSourcesBuildPhase section */
		231256BB2FE983AE0065B780 /* Sources */ = {
			isa = PBXSourcesBuildPhase;
			buildActionMask = 2147483647;
			files = (
			);
			runOnlyForDeploymentPostprocessing = 0;
		};
		231256C82FE983AF0065B780 /* Sources */ = {
			isa = PBXSourcesBuildPhase;
			buildActionMask = 2147483647;
			files = (
			);
			runOnlyForDeploymentPostprocessing = 0;
		};
		231256D22FE983AF0065B780 /* Sources */ = {
			isa = PBXSourcesBuildPhase;
			buildActionMask = 2147483647;
			files = (
			);
			runOnlyForDeploymentPostprocessing = 0;
		};
		2A3F0200000000000000D3A1 /* Sources */ = {
			isa = PBXSourcesBuildPhase;
			buildActionMask = 2147483647;
			files = (
				2A3F0200000000000000C1A1 /* SharedImportEnvelope.swift in Sources */,
				2A3F0200000000000000C2A1 /* SharedImportQueueActor.swift in Sources */,
			);
			runOnlyForDeploymentPostprocessing = 0;
		};
/* End PBXSourcesBuildPhase section */

/* Begin PBXTargetDependency section */
		231256CE2FE983AF0065B780 /* PBXTargetDependency */ = {
			isa = PBXTargetDependency;
			target = 231256BE2FE983AE0065B780 /* Echo */;
			targetProxy = 231256CD2FE983AF0065B780 /* PBXContainerItemProxy */;
		};
		231256D82FE983AF0065B780 /* PBXTargetDependency */ = {
			isa = PBXTargetDependency;
			target = 231256BE2FE983AE0065B780 /* Echo */;
			targetProxy = 231256D72FE983AF0065B780 /* PBXContainerItemProxy */;
		};
		2A3F0200000000000000F2A1 /* PBXTargetDependency */ = {
			isa = PBXTargetDependency;
			target = 2A3F0200000000000000E1A1 /* EchoShareExtension */;
			targetProxy = 2A3F0200000000000000F1A1 /* PBXContainerItemProxy */;
		};
/* End PBXTargetDependency section */

/* Begin XCBuildConfiguration section */
		231256DE2FE983AF0065B780 /* Debug */ = {
			isa = XCBuildConfiguration;
			buildSettings = {
				ALWAYS_SEARCH_USER_PATHS = NO;
				ASSETCATALOG_COMPILER_GENERATE_SWIFT_ASSET_SYMBOL_EXTENSIONS = YES;
				CLANG_ANALYZER_NONNULL = YES;
				CLANG_ANALYZER_NUMBER_OBJECT_CONVERSION = YES_AGGRESSIVE;
				CLANG_CXX_LANGUAGE_STANDARD = "gnu++20";
				CLANG_ENABLE_MODULES = YES;
				CLANG_ENABLE_OBJC_ARC = YES;
				CLANG_ENABLE_OBJC_WEAK = YES;
				CLANG_WARN_BLOCK_CAPTURE_AUTORELEASING = YES;
				CLANG_WARN_BOOL_CONVERSION = YES;
				CLANG_WARN_COMMA = YES;
				CLANG_WARN_CONSTANT_CONVERSION = YES;
				CLANG_WARN_DEPRECATED_OBJC_IMPLEMENTATIONS = YES;
				CLANG_WARN_DIRECT_OBJC_ISA_USAGE = YES_ERROR;
				CLANG_WARN_DOCUMENTATION_COMMENTS = YES;
				CLANG_WARN_EMPTY_BODY = YES;
				CLANG_WARN_ENUM_CONVERSION = YES;
				CLANG_WARN_INFINITE_RECURSION = YES;
				CLANG_WARN_INT_CONVERSION = YES;
				CLANG_WARN_NON_LITERAL_NULL_CONVERSION = YES;
				CLANG_WARN_OBJC_IMPLICIT_RETAIN_SELF = YES;
				CLANG_WARN_OBJC_LITERAL_CONVERSION = YES;
				CLANG_WARN_OBJC_ROOT_CLASS = YES_ERROR;
				CLANG_WARN_QUOTED_INCLUDE_IN_FRAMEWORK_HEADER = YES;
				CLANG_WARN_RANGE_LOOP_ANALYSIS = YES;
				CLANG_WARN_STRICT_PROTOTYPES = YES;
				CLANG_WARN_SUSPICIOUS_MOVE = YES;
				CLANG_WARN_UNGUARDED_AVAILABILITY = YES_AGGRESSIVE;
				CLANG_WARN_UNREACHABLE_CODE = YES;
				CLANG_WARN__DUPLICATE_METHOD_MATCH = YES;
				COPY_PHASE_STRIP = NO;
				DEBUG_INFORMATION_FORMAT = dwarf;
				DEVELOPMENT_TEAM = UJ876FXT32;
				ENABLE_STRICT_OBJC_MSGSEND = YES;
				ENABLE_TESTABILITY = YES;
				ENABLE_USER_SCRIPT_SANDBOXING = YES;
				GCC_C_LANGUAGE_STANDARD = gnu17;
				GCC_DYNAMIC_NO_PIC = NO;
				GCC_NO_COMMON_BLOCKS = YES;
				GCC_OPTIMIZATION_LEVEL = 0;
				GCC_PREPROCESSOR_DEFINITIONS = (
					"DEBUG=1",
					"$(inherited)",
				);
				GCC_WARN_64_TO_32_BIT_CONVERSION = YES;
				GCC_WARN_ABOUT_RETURN_TYPE = YES_ERROR;
				GCC_WARN_UNDECLARED_SELECTOR = YES;
				GCC_WARN_UNINITIALIZED_AUTOS = YES_AGGRESSIVE;
				GCC_WARN_UNUSED_FUNCTION = YES;
				GCC_WARN_UNUSED_VARIABLE = YES;
				LOCALIZATION_PREFERS_STRING_CATALOGS = YES;
				MTL_ENABLE_DEBUG_INFO = INCLUDE_SOURCE;
				MTL_FAST_MATH = YES;
				ONLY_ACTIVE_ARCH = YES;
				SWIFT_ACTIVE_COMPILATION_CONDITIONS = "DEBUG $(inherited)";
				SWIFT_OPTIMIZATION_LEVEL = "-Onone";
			};
			name = Debug;
		};
		231256DF2FE983AF0065B780 /* Release */ = {
			isa = XCBuildConfiguration;
			buildSettings = {
				ALWAYS_SEARCH_USER_PATHS = NO;
				ASSETCATALOG_COMPILER_GENERATE_SWIFT_ASSET_SYMBOL_EXTENSIONS = YES;
				CLANG_ANALYZER_NONNULL = YES;
				CLANG_ANALYZER_NUMBER_OBJECT_CONVERSION = YES_AGGRESSIVE;
				CLANG_CXX_LANGUAGE_STANDARD = "gnu++20";
				CLANG_ENABLE_MODULES = YES;
				CLANG_ENABLE_OBJC_ARC = YES;
				CLANG_ENABLE_OBJC_WEAK = YES;
				CLANG_WARN_BLOCK_CAPTURE_AUTORELEASING = YES;
				CLANG_WARN_BOOL_CONVERSION = YES;
				CLANG_WARN_COMMA = YES;
				CLANG_WARN_CONSTANT_CONVERSION = YES;
				CLANG_WARN_DEPRECATED_OBJC_IMPLEMENTATIONS = YES;
				CLANG_WARN_DIRECT_OBJC_ISA_USAGE = YES_ERROR;
				CLANG_WARN_DOCUMENTATION_COMMENTS = YES;
				CLANG_WARN_EMPTY_BODY = YES;
				CLANG_WARN_ENUM_CONVERSION = YES;
				CLANG_WARN_INFINITE_RECURSION = YES;
				CLANG_WARN_INT_CONVERSION = YES;
				CLANG_WARN_NON_LITERAL_NULL_CONVERSION = YES;
				CLANG_WARN_OBJC_IMPLICIT_RETAIN_SELF = YES;
				CLANG_WARN_OBJC_LITERAL_CONVERSION = YES;
				CLANG_WARN_OBJC_ROOT_CLASS = YES_ERROR;
				CLANG_WARN_QUOTED_INCLUDE_IN_FRAMEWORK_HEADER = YES;
				CLANG_WARN_RANGE_LOOP_ANALYSIS = YES;
				CLANG_WARN_STRICT_PROTOTYPES = YES;
				CLANG_WARN_SUSPICIOUS_MOVE = YES;
				CLANG_WARN_UNGUARDED_AVAILABILITY = YES_AGGRESSIVE;
				CLANG_WARN_UNREACHABLE_CODE = YES;
				CLANG_WARN__DUPLICATE_METHOD_MATCH = YES;
				COPY_PHASE_STRIP = NO;
				DEBUG_INFORMATION_FORMAT = "dwarf-with-dsym";
				DEVELOPMENT_TEAM = UJ876FXT32;
				ENABLE_NS_ASSERTIONS = NO;
				ENABLE_STRICT_OBJC_MSGSEND = YES;
				ENABLE_USER_SCRIPT_SANDBOXING = YES;
				GCC_C_LANGUAGE_STANDARD = gnu17;
				GCC_NO_COMMON_BLOCKS = YES;
				GCC_WARN_64_TO_32_BIT_CONVERSION = YES;
				GCC_WARN_ABOUT_RETURN_TYPE = YES_ERROR;
				GCC_WARN_UNDECLARED_SELECTOR = YES;
				GCC_WARN_UNINITIALIZED_AUTOS = YES_AGGRESSIVE;
				GCC_WARN_UNUSED_FUNCTION = YES;
				GCC_WARN_UNUSED_VARIABLE = YES;
				LOCALIZATION_PREFERS_STRING_CATALOGS = YES;
				MTL_ENABLE_DEBUG_INFO = NO;
				MTL_FAST_MATH = YES;
				SWIFT_COMPILATION_MODE = wholemodule;
			};
			name = Release;
		};
		231256E12FE983AF0065B780 /* Debug */ = {
			isa = XCBuildConfiguration;
			buildSettings = {
				ASSETCATALOG_COMPILER_APPICON_NAME = AppIcon;
				ASSETCATALOG_COMPILER_GLOBAL_ACCENT_COLOR_NAME = AccentColor;
				CODE_SIGN_ENTITLEMENTS = Echo/Config/Echo.entitlements;
				CODE_SIGN_STYLE = Automatic;
				CURRENT_PROJECT_VERSION = 1;
				DEVELOPMENT_TEAM = UJ876FXT32;
				ENABLE_PREVIEWS = YES;
				GENERATE_INFOPLIST_FILE = YES;
				INFOPLIST_FILE = Echo/Config/Echo-Info.plist;
				"INFOPLIST_KEY_UIApplicationSceneManifest_Generation[sdk=iphoneos*]" = YES;
				"INFOPLIST_KEY_UIApplicationSceneManifest_Generation[sdk=iphonesimulator*]" = YES;
				"INFOPLIST_KEY_UIApplicationSupportsIndirectInputEvents[sdk=iphoneos*]" = YES;
				"INFOPLIST_KEY_UIApplicationSupportsIndirectInputEvents[sdk=iphonesimulator*]" = YES;
				"INFOPLIST_KEY_UILaunchScreen_Generation[sdk=iphoneos*]" = YES;
				"INFOPLIST_KEY_UILaunchScreen_Generation[sdk=iphonesimulator*]" = YES;
				"INFOPLIST_KEY_UIStatusBarStyle[sdk=iphoneos*]" = UIStatusBarStyleDefault;
				"INFOPLIST_KEY_UIStatusBarStyle[sdk=iphonesimulator*]" = UIStatusBarStyleDefault;
				INFOPLIST_KEY_UISupportedInterfaceOrientations_iPad = "UIInterfaceOrientationPortrait UIInterfaceOrientationPortraitUpsideDown UIInterfaceOrientationLandscapeLeft UIInterfaceOrientationLandscapeRight";
				INFOPLIST_KEY_UISupportedInterfaceOrientations_iPhone = UIInterfaceOrientationPortrait;
				IPHONEOS_DEPLOYMENT_TARGET = 18.0;
				LD_RUNPATH_SEARCH_PATHS = "@executable_path/Frameworks";
				MARKETING_VERSION = 1.0;
				PRODUCT_BUNDLE_IDENTIFIER = com.echo.Echo;
				PRODUCT_NAME = "$(TARGET_NAME)";
				REGISTER_APP_GROUPS = YES;
				SDKROOT = auto;
				STRING_CATALOG_GENERATE_SYMBOLS = YES;
				SUPPORTED_PLATFORMS = "iphoneos iphonesimulator";
				SWIFT_DEFAULT_ACTOR_ISOLATION = MainActor;
				SWIFT_EMIT_LOC_STRINGS = YES;
				SWIFT_STRICT_CONCURRENCY = complete;
				SWIFT_UPCOMING_FEATURE_MEMBER_IMPORT_VISIBILITY = YES;
				SWIFT_VERSION = 6.0;
				TARGETED_DEVICE_FAMILY = "1,2";
			};
			name = Debug;
		};
		231256E22FE983AF0065B780 /* Release */ = {
			isa = XCBuildConfiguration;
			buildSettings = {
				ASSETCATALOG_COMPILER_APPICON_NAME = AppIcon;
				ASSETCATALOG_COMPILER_GLOBAL_ACCENT_COLOR_NAME = AccentColor;
				CODE_SIGN_ENTITLEMENTS = Echo/Config/Echo.entitlements;
				CODE_SIGN_STYLE = Automatic;
				CURRENT_PROJECT_VERSION = 1;
				DEVELOPMENT_TEAM = UJ876FXT32;
				ENABLE_PREVIEWS = YES;
				GENERATE_INFOPLIST_FILE = YES;
				INFOPLIST_FILE = Echo/Config/Echo-Info.plist;
				"INFOPLIST_KEY_UIApplicationSceneManifest_Generation[sdk=iphoneos*]" = YES;
				"INFOPLIST_KEY_UIApplicationSceneManifest_Generation[sdk=iphonesimulator*]" = YES;
				"INFOPLIST_KEY_UIApplicationSupportsIndirectInputEvents[sdk=iphoneos*]" = YES;
				"INFOPLIST_KEY_UIApplicationSupportsIndirectInputEvents[sdk=iphonesimulator*]" = YES;
				"INFOPLIST_KEY_UILaunchScreen_Generation[sdk=iphoneos*]" = YES;
				"INFOPLIST_KEY_UILaunchScreen_Generation[sdk=iphonesimulator*]" = YES;
				"INFOPLIST_KEY_UIStatusBarStyle[sdk=iphoneos*]" = UIStatusBarStyleDefault;
				"INFOPLIST_KEY_UIStatusBarStyle[sdk=iphonesimulator*]" = UIStatusBarStyleDefault;
				INFOPLIST_KEY_UISupportedInterfaceOrientations_iPad = "UIInterfaceOrientationPortrait UIInterfaceOrientationPortraitUpsideDown UIInterfaceOrientationLandscapeLeft UIInterfaceOrientationLandscapeRight";
				INFOPLIST_KEY_UISupportedInterfaceOrientations_iPhone = UIInterfaceOrientationPortrait;
				IPHONEOS_DEPLOYMENT_TARGET = 18.0;
				LD_RUNPATH_SEARCH_PATHS = "@executable_path/Frameworks";
				MARKETING_VERSION = 1.0;
				PRODUCT_BUNDLE_IDENTIFIER = com.echo.Echo;
				PRODUCT_NAME = "$(TARGET_NAME)";
				REGISTER_APP_GROUPS = YES;
				SDKROOT = auto;
				STRING_CATALOG_GENERATE_SYMBOLS = YES;
				SUPPORTED_PLATFORMS = "iphoneos iphonesimulator";
				SWIFT_DEFAULT_ACTOR_ISOLATION = MainActor;
				SWIFT_EMIT_LOC_STRINGS = YES;
				SWIFT_STRICT_CONCURRENCY = complete;
				SWIFT_UPCOMING_FEATURE_MEMBER_IMPORT_VISIBILITY = YES;
				SWIFT_VERSION = 6.0;
				TARGETED_DEVICE_FAMILY = "1,2";
			};
			name = Release;
		};
		231256E42FE983AF0065B780 /* Debug */ = {
			isa = XCBuildConfiguration;
			buildSettings = {
				BUNDLE_LOADER = "$(TEST_HOST)";
				CODE_SIGN_STYLE = Automatic;
				CURRENT_PROJECT_VERSION = 1;
				DEVELOPMENT_TEAM = UJ876FXT32;
				GENERATE_INFOPLIST_FILE = YES;
				IPHONEOS_DEPLOYMENT_TARGET = 18.0;
				MARKETING_VERSION = 1.0;
				PRODUCT_BUNDLE_IDENTIFIER = com.echo.EchoTests;
				PRODUCT_NAME = "$(TARGET_NAME)";
				SDKROOT = auto;
				STRING_CATALOG_GENERATE_SYMBOLS = NO;
				SUPPORTED_PLATFORMS = "iphoneos iphonesimulator";
				SWIFT_EMIT_LOC_STRINGS = NO;
				SWIFT_STRICT_CONCURRENCY = complete;
				SWIFT_UPCOMING_FEATURE_MEMBER_IMPORT_VISIBILITY = YES;
				SWIFT_VERSION = 6.0;
				TARGETED_DEVICE_FAMILY = "1,2";
				TEST_HOST = "$(BUILT_PRODUCTS_DIR)/Echo.app/$(BUNDLE_EXECUTABLE_FOLDER_PATH)/Echo";
			};
			name = Debug;
		};
		231256E52FE983AF0065B780 /* Release */ = {
			isa = XCBuildConfiguration;
			buildSettings = {
				BUNDLE_LOADER = "$(TEST_HOST)";
				CODE_SIGN_STYLE = Automatic;
				CURRENT_PROJECT_VERSION = 1;
				DEVELOPMENT_TEAM = UJ876FXT32;
				GENERATE_INFOPLIST_FILE = YES;
				IPHONEOS_DEPLOYMENT_TARGET = 18.0;
				MARKETING_VERSION = 1.0;
				PRODUCT_BUNDLE_IDENTIFIER = com.echo.EchoTests;
				PRODUCT_NAME = "$(TARGET_NAME)";
				SDKROOT = auto;
				STRING_CATALOG_GENERATE_SYMBOLS = NO;
				SUPPORTED_PLATFORMS = "iphoneos iphonesimulator";
				SWIFT_EMIT_LOC_STRINGS = NO;
				SWIFT_STRICT_CONCURRENCY = complete;
				SWIFT_UPCOMING_FEATURE_MEMBER_IMPORT_VISIBILITY = YES;
				SWIFT_VERSION = 6.0;
				TARGETED_DEVICE_FAMILY = "1,2";
				TEST_HOST = "$(BUILT_PRODUCTS_DIR)/Echo.app/$(BUNDLE_EXECUTABLE_FOLDER_PATH)/Echo";
			};
			name = Release;
		};
		231256E72FE983AF0065B780 /* Debug */ = {
			isa = XCBuildConfiguration;
			buildSettings = {
				CODE_SIGN_STYLE = Automatic;
				CURRENT_PROJECT_VERSION = 1;
				DEVELOPMENT_TEAM = UJ876FXT32;
				GENERATE_INFOPLIST_FILE = YES;
				IPHONEOS_DEPLOYMENT_TARGET = 18.0;
				MARKETING_VERSION = 1.0;
				PRODUCT_BUNDLE_IDENTIFIER = com.echo.EchoUITests;
				PRODUCT_NAME = "$(TARGET_NAME)";
				SDKROOT = auto;
				STRING_CATALOG_GENERATE_SYMBOLS = NO;
				SUPPORTED_PLATFORMS = "iphoneos iphonesimulator";
				SWIFT_EMIT_LOC_STRINGS = NO;
				SWIFT_STRICT_CONCURRENCY = complete;
				SWIFT_UPCOMING_FEATURE_MEMBER_IMPORT_VISIBILITY = YES;
				SWIFT_VERSION = 6.0;
				TARGETED_DEVICE_FAMILY = "1,2";
				TEST_TARGET_NAME = Echo;
			};
			name = Debug;
		};
		231256E82FE983AF0065B780 /* Release */ = {
			isa = XCBuildConfiguration;
			buildSettings = {
				CODE_SIGN_STYLE = Automatic;
				CURRENT_PROJECT_VERSION = 1;
				DEVELOPMENT_TEAM = UJ876FXT32;
				GENERATE_INFOPLIST_FILE = YES;
				IPHONEOS_DEPLOYMENT_TARGET = 18.0;
				MARKETING_VERSION = 1.0;
				PRODUCT_BUNDLE_IDENTIFIER = com.echo.EchoUITests;
				PRODUCT_NAME = "$(TARGET_NAME)";
				SDKROOT = auto;
				STRING_CATALOG_GENERATE_SYMBOLS = NO;
				SUPPORTED_PLATFORMS = "iphoneos iphonesimulator";
				SWIFT_EMIT_LOC_STRINGS = NO;
				SWIFT_STRICT_CONCURRENCY = complete;
				SWIFT_UPCOMING_FEATURE_MEMBER_IMPORT_VISIBILITY = YES;
				SWIFT_VERSION = 6.0;
				TARGETED_DEVICE_FAMILY = "1,2";
				TEST_TARGET_NAME = Echo;
			};
			name = Release;
		};
		2A3F0200000000000000E2A1 /* Debug */ = {
			isa = XCBuildConfiguration;
			buildSettings = {
				APPLICATION_EXTENSION_API_ONLY = YES;
				CODE_SIGN_ENTITLEMENTS = EchoShareExtension/EchoShareExtension.entitlements;
				CODE_SIGN_STYLE = Automatic;
				CURRENT_PROJECT_VERSION = 1;
				DEVELOPMENT_TEAM = UJ876FXT32;
				GENERATE_INFOPLIST_FILE = YES;
				INFOPLIST_FILE = EchoShareExtension/Info.plist;
				IPHONEOS_DEPLOYMENT_TARGET = 18.0;
				LD_RUNPATH_SEARCH_PATHS = (
					"$(inherited)",
					"@executable_path/Frameworks",
					"@executable_path/../../Frameworks",
				);
				MARKETING_VERSION = 1.0;
				PRODUCT_BUNDLE_IDENTIFIER = com.echo.Echo.ShareExtension;
				PRODUCT_NAME = "$(TARGET_NAME)";
				SDKROOT = auto;
				SKIP_INSTALL = YES;
				STRING_CATALOG_GENERATE_SYMBOLS = NO;
				SUPPORTED_PLATFORMS = "iphoneos iphonesimulator";
				SWIFT_DEFAULT_ACTOR_ISOLATION = MainActor;
				SWIFT_EMIT_LOC_STRINGS = NO;
				SWIFT_STRICT_CONCURRENCY = complete;
				SWIFT_UPCOMING_FEATURE_MEMBER_IMPORT_VISIBILITY = YES;
				SWIFT_VERSION = 6.0;
				TARGETED_DEVICE_FAMILY = "1,2";
			};
			name = Debug;
		};
		2A3F0200000000000000E3A1 /* Release */ = {
			isa = XCBuildConfiguration;
			buildSettings = {
				APPLICATION_EXTENSION_API_ONLY = YES;
				CODE_SIGN_ENTITLEMENTS = EchoShareExtension/EchoShareExtension.entitlements;
				CODE_SIGN_STYLE = Automatic;
				CURRENT_PROJECT_VERSION = 1;
				DEVELOPMENT_TEAM = UJ876FXT32;
				GENERATE_INFOPLIST_FILE = YES;
				INFOPLIST_FILE = EchoShareExtension/Info.plist;
				IPHONEOS_DEPLOYMENT_TARGET = 18.0;
				LD_RUNPATH_SEARCH_PATHS = (
					"$(inherited)",
					"@executable_path/Frameworks",
					"@executable_path/../../Frameworks",
				);
				MARKETING_VERSION = 1.0;
				PRODUCT_BUNDLE_IDENTIFIER = com.echo.Echo.ShareExtension;
				PRODUCT_NAME = "$(TARGET_NAME)";
				SDKROOT = auto;
				SKIP_INSTALL = YES;
				STRING_CATALOG_GENERATE_SYMBOLS = NO;
				SUPPORTED_PLATFORMS = "iphoneos iphonesimulator";
				SWIFT_COMPILATION_MODE = wholemodule;
				SWIFT_DEFAULT_ACTOR_ISOLATION = MainActor;
				SWIFT_EMIT_LOC_STRINGS = NO;
				SWIFT_STRICT_CONCURRENCY = complete;
				SWIFT_UPCOMING_FEATURE_MEMBER_IMPORT_VISIBILITY = YES;
				SWIFT_VERSION = 6.0;
				TARGETED_DEVICE_FAMILY = "1,2";
			};
			name = Release;
		};
/* End XCBuildConfiguration section */

/* Begin XCConfigurationList section */
		231256BA2FE983AE0065B780 /* Build configuration list for PBXProject "Echo" */ = {
			isa = XCConfigurationList;
			buildConfigurations = (
				231256DE2FE983AF0065B780 /* Debug */,
				231256DF2FE983AF0065B780 /* Release */,
			);
			defaultConfigurationIsVisible = 0;
			defaultConfigurationName = Release;
		};
		231256E02FE983AF0065B780 /* Build configuration list for PBXNativeTarget "Echo" */ = {
			isa = XCConfigurationList;
			buildConfigurations = (
				231256E12FE983AF0065B780 /* Debug */,
				231256E22FE983AF0065B780 /* Release */,
			);
			defaultConfigurationIsVisible = 0;
			defaultConfigurationName = Release;
		};
		231256E32FE983AF0065B780 /* Build configuration list for PBXNativeTarget "EchoTests" */ = {
			isa = XCConfigurationList;
			buildConfigurations = (
				231256E42FE983AF0065B780 /* Debug */,
				231256E52FE983AF0065B780 /* Release */,
			);
			defaultConfigurationIsVisible = 0;
			defaultConfigurationName = Release;
		};
		231256E62FE983AF0065B780 /* Build configuration list for PBXNativeTarget "EchoUITests" */ = {
			isa = XCConfigurationList;
			buildConfigurations = (
				231256E72FE983AF0065B780 /* Debug */,
				231256E82FE983AF0065B780 /* Release */,
			);
			defaultConfigurationIsVisible = 0;
			defaultConfigurationName = Release;
		};
		2A3F0200000000000000E4A1 /* Build configuration list for PBXNativeTarget "EchoShareExtension" */ = {
			isa = XCConfigurationList;
			buildConfigurations = (
				2A3F0200000000000000E2A1 /* Debug */,
				2A3F0200000000000000E3A1 /* Release */,
			);
			defaultConfigurationIsVisible = 0;
			defaultConfigurationName = Release;
		};
/* End XCConfigurationList section */

/* Begin XCRemoteSwiftPackageReference section */
		231256F02FE983AE0065B780 /* XCRemoteSwiftPackageReference "ProximaKit" */ = {
			isa = XCRemoteSwiftPackageReference;
			repositoryURL = "https://github.com/vivekptnk/ProximaKit.git";
			requirement = {
				kind = upToNextMajorVersion;
				minimumVersion = 1.7.0;
			};
		};
/* End XCRemoteSwiftPackageReference section */

/* Begin XCLocalSwiftPackageReference section */
		B56E5A6C80EB2363A1B0BADE /* XCLocalSwiftPackageReference "whisper-cpp" */ = {
			isa = XCLocalSwiftPackageReference;
			relativePath = ThirdParty/whisper.cpp;
		};
/* End XCLocalSwiftPackageReference section */

/* Begin XCSwiftPackageProductDependency section */
		231256F12FE983AE0065B780 /* ProximaKit */ = {
			isa = XCSwiftPackageProductDependency;
			package = 231256F02FE983AE0065B780 /* XCRemoteSwiftPackageReference "ProximaKit" */;
			productName = ProximaKit;
		};
		231256F22FE983AE0065B780 /* ProximaKit */ = {
			isa = XCSwiftPackageProductDependency;
			package = 231256F02FE983AE0065B780 /* XCRemoteSwiftPackageReference "ProximaKit" */;
			productName = ProximaKit;
		};
		3C96DDA462B5392A8E492917 /* whisper */ = {
			isa = XCSwiftPackageProductDependency;
			productName = whisper;
		};
		BAB871F997C017847C9A5E02 /* whisper */ = {
			isa = XCSwiftPackageProductDependency;
			productName = whisper;
		};
/* End XCSwiftPackageProductDependency section */
	};
	rootObject = 231256B72FE983AE0065B780 /* Project object */;
}
